
Microsoft Visual Studio Solution File, Format Version 12.00
# Visual Studio Version 17
VisualStudioVersion = 17.5.002.0
MinimumVisualStudioVersion = 10.0.40219.1
Project("{9A19103F-16F7-4668-BE54-9A1E7A4F7556}") = "Alcool-ou-Gasolina", "Alcool-ou-Gasolina.csproj", "{3D96BFCF-C0C8-4EF9-ADE8-CEB8C62F7491}"
EndProject
Global
	GlobalSection(SolutionConfigurationPlatforms) = preSolution
		Debug|Any CPU = Debug|Any CPU
		Release|Any CPU = Release|Any CPU
	EndGlobalSection
	GlobalSection(ProjectConfigurationPlatforms) = postSolution
		{3D96BFCF-C0C8-4EF9-ADE8-CEB8C62F7491}.Debug|Any CPU.ActiveCfg = Debug|Any CPU
		{3D96BFCF-C0C8-4EF9-ADE8-CEB8C62F7491}.Debug|Any CPU.Build.0 = Debug|Any CPU
		{3D96BFCF-C0C8-4EF9-ADE8-CEB8C62F7491}.Release|Any CPU.ActiveCfg = Release|Any CPU
		{3D96BFCF-C0C8-4EF9-ADE8-CEB8C62F7491}.Release|Any CPU.Build.0 = Release|Any CPU
	EndGlobalSection
	GlobalSection(SolutionProperties) = preSolution
		HideSolutionNode = FALSE
	EndGlobalSection
	GlobalSection(ExtensibilityGlobals) = postSolution
		SolutionGuid = {2AB7EB57-E30C-4BE2-9934-205F3482860F}
	EndGlobalSection
EndGlobal
